
Microsoft Visual Studio Solution File, Format Version 12.00
# Visual Studio Version 17
VisualStudioVersion = 17.9.34407.89
MinimumVisualStudioVersion = 10.0.40219.1
Project("{FAE04EC0-301F-11D3-BF4B-00C04F79EFBC}") = "MyMemes.Android", "MyMemes.Android\MyMemes.Android.csproj", "{84DBC10D-AE3C-4D4A-88D0-8010CD0781D3}"
EndProject
Project("{FAE04EC0-301F-11D3-BF4B-00C04F79EFBC}") = "MyMemes", "MyMemes\MyMemes.csproj", "{8331BCA0-B7CC-472B-9EFC-A6E528DADFB6}"
EndProject
Global
	GlobalSection(SolutionConfigurationPlatforms) = preSolution
		Debug|Any CPU = Debug|Any CPU
		Release|Any CPU = Release|Any CPU
	EndGlobalSection
	GlobalSection(ProjectConfigurationPlatforms) = postSolution
		{84DBC10D-AE3C-4D4A-88D0-8010CD0781D3}.Debug|Any CPU.ActiveCfg = Debug|Any CPU
		{84DBC10D-AE3C-4D4A-88D0-8010CD0781D3}.Debug|Any CPU.Build.0 = Debug|Any CPU
		{84DBC10D-AE3C-4D4A-88D0-8010CD0781D3}.Debug|Any CPU.Deploy.0 = Debug|Any CPU
		{84DBC10D-AE3C-4D4A-88D0-8010CD0781D3}.Release|Any CPU.ActiveCfg = Release|Any CPU
		{84DBC10D-AE3C-4D4A-88D0-8010CD0781D3}.Release|Any CPU.Build.0 = Release|Any CPU
		{84DBC10D-AE3C-4D4A-88D0-8010CD0781D3}.Release|Any CPU.Deploy.0 = Release|Any CPU
		{8331BCA0-B7CC-472B-9EFC-A6E528DADFB6}.Debug|Any CPU.ActiveCfg = Debug|Any CPU
		{8331BCA0-B7CC-472B-9EFC-A6E528DADFB6}.Debug|Any CPU.Build.0 = Debug|Any CPU
		{8331BCA0-B7CC-472B-9EFC-A6E528DADFB6}.Release|Any CPU.ActiveCfg = Release|Any CPU
		{8331BCA0-B7CC-472B-9EFC-A6E528DADFB6}.Release|Any CPU.Build.0 = Release|Any CPU
	EndGlobalSection
	GlobalSection(SolutionProperties) = preSolution
		HideSolutionNode = FALSE
	EndGlobalSection
	GlobalSection(ExtensibilityGlobals) = postSolution
		SolutionGuid = {0F252B7E-FD93-40F7-9D2E-F6D4342D01B7}
	EndGlobalSection
EndGlobal
